
Microsoft Visual Studio Solution File, Format Version 12.00
# Visual Studio 14
VisualStudioVersion = 14.0.25420.1
MinimumVisualStudioVersion = 10.0.40219.1
Project("{FAE04EC0-301F-11D3-BF4B-00C04F79EFBC}") = "Тестовое задание", "Тестовое задание\Тестовое задание.csproj", "{1EAF0D5A-6F3B-4891-B914-0DDD29A288F2}"
EndProject
Project("{FAE04EC0-301F-11D3-BF4B-00C04F79EFBC}") = "UnitTest", "UnitTest\UnitTest.csproj", "{A772F097-82B6-4BF9-BA1E-CE947E779D5D}"
EndProject
Global
	GlobalSection(SolutionConfigurationPlatforms) = preSolution
		Debug|Any CPU = Debug|Any CPU
		Release|Any CPU = Release|Any CPU
	EndGlobalSection
	GlobalSection(ProjectConfigurationPlatforms) = postSolution
		{1EAF0D5A-6F3B-4891-B914-0DDD29A288F2}.Debug|Any CPU.ActiveCfg = Debug|Any CPU
		{1EAF0D5A-6F3B-4891-B914-0DDD29A288F2}.Debug|Any CPU.Build.0 = Debug|Any CPU
		{1EAF0D5A-6F3B-4891-B914-0DDD29A288F2}.Release|Any CPU.ActiveCfg = Release|Any CPU
		{1EAF0D5A-6F3B-4891-B914-0DDD29A288F2}.Release|Any CPU.Build.0 = Release|Any CPU
		{A772F097-82B6-4BF9-BA1E-CE947E779D5D}.Debug|Any CPU.ActiveCfg = Debug|Any CPU
		{A772F097-82B6-4BF9-BA1E-CE947E779D5D}.Debug|Any CPU.Build.0 = Debug|Any CPU
		{A772F097-82B6-4BF9-BA1E-CE947E779D5D}.Release|Any CPU.ActiveCfg = Release|Any CPU
		{A772F097-82B6-4BF9-BA1E-CE947E779D5D}.Release|Any CPU.Build.0 = Release|Any CPU
	EndGlobalSection
	GlobalSection(SolutionProperties) = preSolution
		HideSolutionNode = FALSE
	EndGlobalSection
EndGlobal
